// !$*UTF8*$!
{
	archiveVersion = 1;
	classes = {
	};
	objectVersion = 55;
	objects = {

/* Begin PBXBuildFile section */
		6D40183927DFCA7C00FFA92D /* Extensions.swift in Sources */ = {isa = PBXBuildFile; fileRef = 6D40183827DFCA7C00FFA92D /* Extensions.swift */; };
		6D40183D27DFD21300FFA92D /* TitleCollectionViewCell.swift in Sources */ = {isa = PBXBuildFile; fileRef = 6D40183C27DFD21300FFA92D /* TitleCollectionViewCell.swift */; };
		6D40184027DFD3B900FFA92D /* SDWebImage in Frameworks */ = {isa = PBXBuildFile; productRef = 6D40183F27DFD3B900FFA92D /* SDWebImage */; };
		6D40184227DFD3B900FFA92D /* SDWebImageMapKit in Frameworks */ = {isa = PBXBuildFile; productRef = 6D40184127DFD3B900FFA92D /* SDWebImageMapKit */; };
		6D7A909C27DCFAF800209C06 /* AppDelegate.swift in Sources */ = {isa = PBXBuildFile; fileRef = 6D7A909B27DCFAF800209C06 /* AppDelegate.swift */; };
		6D7A909E27DCFAF800209C06 /* SceneDelegate.swift in Sources */ = {isa = PBXBuildFile; fileRef = 6D7A909D27DCFAF800209C06 /* SceneDelegate.swift */; };
		6D7A90A027DCFAF800209C06 /* MainTabBarViewController.swift in Sources */ = {isa = PBXBuildFile; fileRef = 6D7A909F27DCFAF800209C06 /* MainTabBarViewController.swift */; };
		6D7A90A527DCFAF900209C06 /* Assets.xcassets in Resources */ = {isa = PBXBuildFile; fileRef = 6D7A90A427DCFAF900209C06 /* Assets.xcassets */; };
		6D7A90A827DCFAF900209C06 /* LaunchScreen.storyboard in Resources */ = {isa = PBXBuildFile; fileRef = 6D7A90A627DCFAF900209C06 /* LaunchScreen.storyboard */; };
		6D7A90B127DCFDCB00209C06 /* HomeViewController.swift in Sources */ = {isa = PBXBuildFile; fileRef = 6D7A90B027DCFDCB00209C06 /* HomeViewController.swift */; };
		6D7A90B327DCFDFE00209C06 /* UpcomingViewController.swift in Sources */ = {isa = PBXBuildFile; fileRef = 6D7A90B227DCFDFE00209C06 /* UpcomingViewController.swift */; };
		6D7A90B527DCFE1C00209C06 /* SearchViewController.swift in Sources */ = {isa = PBXBuildFile; fileRef = 6D7A90B427DCFE1C00209C06 /* SearchViewController.swift */; };
		6D7A90B727DCFE4100209C06 /* DownloadsViewController.swift in Sources */ = {isa = PBXBuildFile; fileRef = 6D7A90B627DCFE4100209C06 /* DownloadsViewController.swift */; };
		6D7A90BE27DD07A100209C06 /* CollectionViewTableViewCell.swift in Sources */ = {isa = PBXBuildFile; fileRef = 6D7A90BD27DD07A100209C06 /* CollectionViewTableViewCell.swift */; };
		6D7A90C027DD36E800209C06 /* HeroHeaderUIView.swift in Sources */ = {isa = PBXBuildFile; fileRef = 6D7A90BF27DD36E800209C06 /* HeroHeaderUIView.swift */; };
		6D7A90C227DE54BD00209C06 /* APICaller.swift in Sources */ = {isa = PBXBuildFile; fileRef = 6D7A90C127DE54BD00209C06 /* APICaller.swift */; };
		6D7A90C427DE593200209C06 /* Title.swift in Sources */ = {isa = PBXBuildFile; fileRef = 6D7A90C327DE593200209C06 /* Title.swift */; };
		6DC849B9284D2DEC002C55C5 /* TitleTableViewCell.swift in Sources */ = {isa = PBXBuildFile; fileRef = 6DC849B8284D2DEC002C55C5 /* TitleTableViewCell.swift */; };
		6DC849BB284D32B1002C55C5 /* TitleViewModel.swift in Sources */ = {isa = PBXBuildFile; fileRef = 6DC849BA284D32B1002C55C5 /* TitleViewModel.swift */; };
		D64A079C286B3F5700FD8637 /* SearchResultsViewController.swift in Sources */ = {isa = PBXBuildFile; fileRef = D64A079B286B3F5700FD8637 /* SearchResultsViewController.swift */; };
		D64A07A0286C448500FD8637 /* YoutubeSearchResponse.swift in Sources */ = {isa = PBXBuildFile; fileRef = D64A079F286C448500FD8637 /* YoutubeSearchResponse.swift */; };
		D64A07A2286C497400FD8637 /* TitlePreviewViewController.swift in Sources */ = {isa = PBXBuildFile; fileRef = D64A07A1286C497400FD8637 /* TitlePreviewViewController.swift */; };
		D64A07A4286C754C00FD8637 /* TitlePreviewViewModel.swift in Sources */ = {isa = PBXBuildFile; fileRef = D64A07A3286C754C00FD8637 /* TitlePreviewViewModel.swift */; };
		D6C444432865F52D00AB2A44 /* SDWebImage in Frameworks */ = {isa = PBXBuildFile; productRef = D6C444422865F52D00AB2A44 /* SDWebImage */; };
		D6C444452865F52D00AB2A44 /* SDWebImageMapKit in Frameworks */ = {isa = PBXBuildFile; productRef = D6C444442865F52D00AB2A44 /* SDWebImageMapKit */; };
/* End PBXBuildFile section */

/* Begin PBXFileReference section */
		6D40183827DFCA7C00FFA92D /* Extensions.swift */ = {isa = PBXFileReference; lastKnownFileType = sourcecode.swift; path = Extensions.swift; sourceTree = "<group>"; };
		6D40183C27DFD21300FFA92D /* TitleCollectionViewCell.swift */ = {isa = PBXFileReference; lastKnownFileType = sourcecode.swift; path = TitleCollectionViewCell.swift; sourceTree = "<group>"; };
		6D7A909827DCFAF800209C06 /* Movie Trailers.app */ = {isa = PBXFileReference; explicitFileType = wrapper.application; includeInIndex = 0; path = "Movie Trailers.app"; sourceTree = BUILT_PRODUCTS_DIR; };
		6D7A909B27DCFAF800209C06 /* AppDelegate.swift */ = {isa = PBXFileReference; lastKnownFileType = sourcecode.swift; path = AppDelegate.swift; sourceTree = "<group>"; };
		6D7A909D27DCFAF800209C06 /* SceneDelegate.swift */ = {isa = PBXFileReference; lastKnownFileType = sourcecode.swift; path = SceneDelegate.swift; sourceTree = "<group>"; };
		6D7A909F27DCFAF800209C06 /* MainTabBarViewController.swift */ = {isa = PBXFileReference; lastKnownFileType = sourcecode.swift; path = MainTabBarViewController.swift; sourceTree = "<group>"; };
		6D7A90A427DCFAF900209C06 /* Assets.xcassets */ = {isa = PBXFileReference; lastKnownFileType = folder.assetcatalog; path = Assets.xcassets; sourceTree = "<group>"; };
		6D7A90A727DCFAF900209C06 /* Base */ = {isa = PBXFileReference; lastKnownFileType = file.storyboard; name = Base; path = Base.lproj/LaunchScreen.storyboard; sourceTree = "<group>"; };
		6D7A90A927DCFAF900209C06 /* Info.plist */ = {isa = PBXFileReference; lastKnownFileType = text.plist.xml; path = Info.plist; sourceTree = "<group>"; };
		6D7A90B027DCFDCB00209C06 /* HomeViewController.swift */ = {isa = PBXFileReference; lastKnownFileType = sourcecode.swift; path = HomeViewController.swift; sourceTree = "<group>"; };
		6D7A90B227DCFDFE00209C06 /* UpcomingViewController.swift */ = {isa = PBXFileReference; lastKnownFileType = sourcecode.swift; path = UpcomingViewController.swift; sourceTree = "<group>"; };
		6D7A90B427DCFE1C00209C06 /* SearchViewController.swift */ = {isa = PBXFileReference; lastKnownFileType = sourcecode.swift; path = SearchViewController.swift; sourceTree = "<group>"; };
		6D7A90B627DCFE4100209C06 /* DownloadsViewController.swift */ = {isa = PBXFileReference; lastKnownFileType = sourcecode.swift; path = DownloadsViewController.swift; sourceTree = "<group>"; };
		6D7A90BD27DD07A100209C06 /* CollectionViewTableViewCell.swift */ = {isa = PBXFileReference; lastKnownFileType = sourcecode.swift; path = CollectionViewTableViewCell.swift; sourceTree = "<group>"; };
		6D7A90BF27DD36E800209C06 /* HeroHeaderUIView.swift */ = {isa = PBXFileReference; lastKnownFileType = sourcecode.swift; path = HeroHeaderUIView.swift; sourceTree = "<group>"; };
		6D7A90C127DE54BD00209C06 /* APICaller.swift */ = {isa = PBXFileReference; lastKnownFileType = sourcecode.swift; path = APICaller.swift; sourceTree = "<group>"; };
		6D7A90C327DE593200209C06 /* Title.swift */ = {isa = PBXFileReference; lastKnownFileType = sourcecode.swift; path = Title.swift; sourceTree = "<group>"; };
		6DC849B8284D2DEC002C55C5 /* TitleTableViewCell.swift */ = {isa = PBXFileReference; lastKnownFileType = sourcecode.swift; path = TitleTableViewCell.swift; sourceTree = "<group>"; };
		6DC849BA284D32B1002C55C5 /* TitleViewModel.swift */ = {isa = PBXFileReference; lastKnownFileType = sourcecode.swift; path = TitleViewModel.swift; sourceTree = "<group>"; };
		D64A079B286B3F5700FD8637 /* SearchResultsViewController.swift */ = {isa = PBXFileReference; lastKnownFileType = sourcecode.swift; path = SearchResultsViewController.swift; sourceTree = "<group>"; };
		D64A079F286C448500FD8637 /* YoutubeSearchResponse.swift */ = {isa = PBXFileReference; lastKnownFileType = sourcecode.swift; path = YoutubeSearchResponse.swift; sourceTree = "<group>"; };
		D64A07A1286C497400FD8637 /* TitlePreviewViewController.swift */ = {isa = PBXFileReference; lastKnownFileType = sourcecode.swift; path = TitlePreviewViewController.swift; sourceTree = "<group>"; };
		D64A07A3286C754C00FD8637 /* TitlePreviewViewModel.swift */ = {isa = PBXFileReference; lastKnownFileType = sourcecode.swift; path = TitlePreviewViewModel.swift; sourceTree = "<group>"; };
/* End PBXFileReference section */

/* Begin PBXFrameworksBuildPhase section */
		6D7A909527DCFAF800209C06 /* Frameworks */ = {
			isa = PBXFrameworksBuildPhase;
			buildActionMask = 2147483647;
			files = (
				D6C444432865F52D00AB2A44 /* SDWebImage in Frameworks */,
				6D40184227DFD3B900FFA92D /* SDWebImageMapKit in Frameworks */,
				D6C444452865F52D00AB2A44 /* SDWebImageMapKit in Frameworks */,
				6D40184027DFD3B900FFA92D /* SDWebImage in Frameworks */,
			);
			runOnlyForDeploymentPostprocessing = 0;
		};
/* End PBXFrameworksBuildPhase section */

/* Begin PBXGroup section */
		6D7A908F27DCFAF800209C06 = {
			isa = PBXGroup;
			children = (
				6D7A909A27DCFAF800209C06 /* Movie Trailers */,
				6D7A909927DCFAF800209C06 /* Products */,
			);
			sourceTree = "<group>";
		};
		6D7A909927DCFAF800209C06 /* Products */ = {
			isa = PBXGroup;
			children = (
				6D7A909827DCFAF800209C06 /* Movie Trailers.app */,
			);
			name = Products;
			sourceTree = "<group>";
		};
		6D7A909A27DCFAF800209C06 /* Movie Trailers */ = {
			isa = PBXGroup;
			children = (
				6D7A90BC27DD076000209C06 /* Managers */,
				6D7A90BB27DD075800209C06 /* Resources */,
				6D7A90BA27DD071000209C06 /* Models */,
				6D7A90B827DD06EE00209C06 /* Views */,
				6D7A90B927DD06F500209C06 /* ViewModels */,
				6D7A90AF27DCFD6E00209C06 /* Controllers */,
				6D7A909B27DCFAF800209C06 /* AppDelegate.swift */,
				6D7A909D27DCFAF800209C06 /* SceneDelegate.swift */,
				6D7A90A427DCFAF900209C06 /* Assets.xcassets */,
				6D7A90A627DCFAF900209C06 /* LaunchScreen.storyboard */,
				6D7A90A927DCFAF900209C06 /* Info.plist */,
			);
			path = "Movie Trailers";
			sourceTree = "<group>";
		};
		6D7A90AF27DCFD6E00209C06 /* Controllers */ = {
			isa = PBXGroup;
			children = (
				D64A079E286B3FDC00FD8637 /* General */,
				D64A079D286B3F9500FD8637 /* Core */,
			);
			path = Controllers;
			sourceTree = "<group>";
		};
		6D7A90B827DD06EE00209C06 /* Views */ = {
			isa = PBXGroup;
			children = (
				6D7A90BD27DD07A100209C06 /* CollectionViewTableViewCell.swift */,
				6D7A90BF27DD36E800209C06 /* HeroHeaderUIView.swift */,
				6D40183C27DFD21300FFA92D /* TitleCollectionViewCell.swift */,
				6DC849B8284D2DEC002C55C5 /* TitleTableViewCell.swift */,
			);
			path = Views;
			sourceTree = "<group>";
		};
		6D7A90B927DD06F500209C06 /* ViewModels */ = {
			isa = PBXGroup;
			children = (
				6DC849BA284D32B1002C55C5 /* TitleViewModel.swift */,
				D64A07A3286C754C00FD8637 /* TitlePreviewViewModel.swift */,
			);
			path = ViewModels;
			sourceTree = "<group>";
		};
		6D7A90BA27DD071000209C06 /* Models */ = {
			isa = PBXGroup;
			children = (
				6D7A90C327DE593200209C06 /* Title.swift */,
				D64A079F286C448500FD8637 /* YoutubeSearchResponse.swift */,
			);
			path = Models;
			sourceTree = "<group>";
		};
		6D7A90BB27DD075800209C06 /* Resources */ = {
			isa = PBXGroup;
			children = (
				6D40183827DFCA7C00FFA92D /* Extensions.swift */,
			);
			path = Resources;
			sourceTree = "<group>";
		};
		6D7A90BC27DD076000209C06 /* Managers */ = {
			isa = PBXGroup;
			children = (
				6D7A90C127DE54BD00209C06 /* APICaller.swift */,
			);
			path = Managers;
			sourceTree = "<group>";
		};
		D64A079D286B3F9500FD8637 /* Core */ = {
			isa = PBXGroup;
			children = (
				6D7A90B027DCFDCB00209C06 /* HomeViewController.swift */,
				6D7A90B227DCFDFE00209C06 /* UpcomingViewController.swift */,
				6D7A90B427DCFE1C00209C06 /* SearchViewController.swift */,
				6D7A909F27DCFAF800209C06 /* MainTabBarViewController.swift */,
				6D7A90B627DCFE4100209C06 /* DownloadsViewController.swift */,
			);
			path = Core;
			sourceTree = "<group>";
		};
		D64A079E286B3FDC00FD8637 /* General */ = {
			isa = PBXGroup;
			children = (
				D64A079B286B3F5700FD8637 /* SearchResultsViewController.swift */,
				D64A07A1286C497400FD8637 /* TitlePreviewViewController.swift */,
			);
			path = General;
			sourceTree = "<group>";
		};
/* End PBXGroup section */

/* Begin PBXNativeTarget section */
		6D7A909727DCFAF800209C06 /* Movie Trailers */ = {
			isa = PBXNativeTarget;
			buildConfigurationList = 6D7A90AC27DCFAF900209C06 /* Build configuration list for PBXNativeTarget "Movie Trailers" */;
			buildPhases = (
				6D7A909427DCFAF800209C06 /* Sources */,
				6D7A909527DCFAF800209C06 /* Frameworks */,
				6D7A909627DCFAF800209C06 /* Resources */,
			);
			buildRules = (
			);
			dependencies = (
			);
			name = "Movie Trailers";
			packageProductDependencies = (
				6D40183F27DFD3B900FFA92D /* SDWebImage */,
				6D40184127DFD3B900FFA92D /* SDWebImageMapKit */,
				D6C444422865F52D00AB2A44 /* SDWebImage */,
				D6C444442865F52D00AB2A44 /* SDWebImageMapKit */,
			);
			productName = "Movie Trailers";
			productReference = 6D7A909827DCFAF800209C06 /* Movie Trailers.app */;
			productType = "com.apple.product-type.application";
		};
/* End PBXNativeTarget section */

/* Begin PBXProject section */
		6D7A909027DCFAF800209C06 /* Project object */ = {
			isa = PBXProject;
			attributes = {
				BuildIndependentTargetsInParallel = 1;
				LastSwiftUpdateCheck = 1320;
				LastUpgradeCheck = 1320;
				TargetAttributes = {
					6D7A909727DCFAF800209C06 = {
						CreatedOnToolsVersion = 13.2.1;
					};
				};
			};
			buildConfigurationList = 6D7A909327DCFAF800209C06 /* Build configuration list for PBXProject "Movie Trailers" */;
			compatibilityVersion = "Xcode 13.0";
			developmentRegion = en;
			hasScannedForEncodings = 0;
			knownRegions = (
				en,
				Base,
			);
			mainGroup = 6D7A908F27DCFAF800209C06;
			packageReferences = (
				6D40183E27DFD3B900FFA92D /* XCRemoteSwiftPackageReference "SDWebImage" */,
				D6C444412865F52D00AB2A44 /* XCRemoteSwiftPackageReference "SDWebImage" */,
			);
			productRefGroup = 6D7A909927DCFAF800209C06 /* Products */;
			projectDirPath = "";
			projectRoot = "";
			targets = (
				6D7A909727DCFAF800209C06 /* Movie Trailers */,
			);
		};
/* End PBXProject section */

/* Begin PBXResourcesBuildPhase section */
		6D7A909627DCFAF800209C06 /* Resources */ = {
			isa = PBXResourcesBuildPhase;
			buildActionMask = 2147483647;
			files = (
				6D7A90A827DCFAF900209C06 /* LaunchScreen.storyboard in Resources */,
				6D7A90A527DCFAF900209C06 /* Assets.xcassets in Resources */,
			);
			runOnlyForDeploymentPostprocessing = 0;
		};
/* End PBXResourcesBuildPhase section */

/* Begin PBXSourcesBuildPhase section */
		6D7A909427DCFAF800209C06 /* Sources */ = {
			isa = PBXSourcesBuildPhase;
			buildActionMask = 2147483647;
			files = (
				6DC849B9284D2DEC002C55C5 /* TitleTableViewCell.swift in Sources */,
				6D7A90B527DCFE1C00209C06 /* SearchViewController.swift in Sources */,
				6D40183D27DFD21300FFA92D /* TitleCollectionViewCell.swift in Sources */,
				6D7A90A027DCFAF800209C06 /* MainTabBarViewController.swift in Sources */,
				6D7A90BE27DD07A100209C06 /* CollectionViewTableViewCell.swift in Sources */,
				6D7A90C227DE54BD00209C06 /* APICaller.swift in Sources */,
				6D7A90C027DD36E800209C06 /* HeroHeaderUIView.swift in Sources */,
				6D7A90B727DCFE4100209C06 /* DownloadsViewController.swift in Sources */,
				6D7A909C27DCFAF800209C06 /* AppDelegate.swift in Sources */,
				D64A079C286B3F5700FD8637 /* SearchResultsViewController.swift in Sources */,
				6D40183927DFCA7C00FFA92D /* Extensions.swift in Sources */,
				D64A07A0286C448500FD8637 /* YoutubeSearchResponse.swift in Sources */,
				6D7A909E27DCFAF800209C06 /* SceneDelegate.swift in Sources */,
				D64A07A4286C754C00FD8637 /* TitlePreviewViewModel.swift in Sources */,
				6D7A90B327DCFDFE00209C06 /* UpcomingViewController.swift in Sources */,
				D64A07A2286C497400FD8637 /* TitlePreviewViewController.swift in Sources */,
				6D7A90C427DE593200209C06 /* Title.swift in Sources */,
				6D7A90B127DCFDCB00209C06 /* HomeViewController.swift in Sources */,
				6DC849BB284D32B1002C55C5 /* TitleViewModel.swift in Sources */,
			);
			runOnlyForDeploymentPostprocessing = 0;
		};
/* End PBXSourcesBuildPhase section */

/* Begin PBXVariantGroup section */
		6D7A90A627DCFAF900209C06 /* LaunchScreen.storyboard */ = {
			isa = PBXVariantGroup;
			children = (
				6D7A90A727DCFAF900209C06 /* Base */,
			);
			name = LaunchScreen.storyboard;
			sourceTree = "<group>";
		};
/* End PBXVariantGroup section */

/* Begin XCBuildConfiguration section */
		6D7A90AA27DCFAF900209C06 /* Debug */ = {
			isa = XCBuildConfiguration;
			buildSettings = {
				ALWAYS_SEARCH_USER_PATHS = NO;
				CLANG_ANALYZER_NONNULL = YES;
				CLANG_ANALYZER_NUMBER_OBJECT_CONVERSION = YES_AGGRESSIVE;
				CLANG_CXX_LANGUAGE_STANDARD = "gnu++17";
				CLANG_CXX_LIBRARY = "libc++";
				CLANG_ENABLE_MODULES = YES;
				CLANG_ENABLE_OBJC_ARC = YES;
				CLANG_ENABLE_OBJC_WEAK = YES;
				CLANG_WARN_BLOCK_CAPTURE_AUTORELEASING = YES;
				CLANG_WARN_BOOL_CONVERSION = YES;
				CLANG_WARN_COMMA = YES;
				CLANG_WARN_CONSTANT_CONVERSION = YES;
				CLANG_WARN_DEPRECATED_OBJC_IMPLEMENTATIONS = YES;
				CLANG_WARN_DIRECT_OBJC_ISA_USAGE = YES_ERROR;
				CLANG_WARN_DOCUMENTATION_COMMENTS = YES;
				CLANG_WARN_EMPTY_BODY = YES;
				CLANG_WARN_ENUM_CONVERSION = YES;
				CLANG_WARN_INFINITE_RECURSION = YES;
				CLANG_WARN_INT_CONVERSION = YES;
				CLANG_WARN_NON_LITERAL_NULL_CONVERSION = YES;
				CLANG_WARN_OBJC_IMPLICIT_RETAIN_SELF = YES;
				CLANG_WARN_OBJC_LITERAL_CONVERSION = YES;
				CLANG_WARN_OBJC_ROOT_CLASS = YES_ERROR;
				CLANG_WARN_QUOTED_INCLUDE_IN_FRAMEWORK_HEADER = YES;
				CLANG_WARN_RANGE_LOOP_ANALYSIS = YES;
				CLANG_WARN_STRICT_PROTOTYPES = YES;
				CLANG_WARN_SUSPICIOUS_MOVE = YES;
				CLANG_WARN_UNGUARDED_AVAILABILITY = YES_AGGRESSIVE;
				CLANG_WARN_UNREACHABLE_CODE = YES;
				CLANG_WARN__DUPLICATE_METHOD_MATCH = YES;
				COPY_PHASE_STRIP = NO;
				DEBUG_INFORMATION_FORMAT = dwarf;
				ENABLE_STRICT_OBJC_MSGSEND = YES;
				ENABLE_TESTABILITY = YES;
				GCC_C_LANGUAGE_STANDARD = gnu11;
				GCC_DYNAMIC_NO_PIC = NO;
				GCC_NO_COMMON_BLOCKS = YES;
				GCC_OPTIMIZATION_LEVEL = 0;
				GCC_PREPROCESSOR_DEFINITIONS = (
					"DEBUG=1",
					"$(inherited)",
				);
				GCC_WARN_64_TO_32_BIT_CONVERSION = YES;
				GCC_WARN_ABOUT_RETURN_TYPE = YES_ERROR;
				GCC_WARN_UNDECLARED_SELECTOR = YES;
				GCC_WARN_UNINITIALIZED_AUTOS = YES_AGGRESSIVE;
				GCC_WARN_UNUSED_FUNCTION = YES;
				GCC_WARN_UNUSED_VARIABLE = YES;
				IPHONEOS_DEPLOYMENT_TARGET = 15.2;
				MTL_ENABLE_DEBUG_INFO = INCLUDE_SOURCE;
				MTL_FAST_MATH = YES;
				ONLY_ACTIVE_ARCH = YES;
				SDKROOT = iphoneos;
				SWIFT_ACTIVE_COMPILATION_CONDITIONS = DEBUG;
				SWIFT_OPTIMIZATION_LEVEL = "-Onone";
			};
			name = Debug;
		};
		6D7A90AB27DCFAF900209C06 /* Release */ = {
			isa = XCBuildConfiguration;
			buildSettings = {
				ALWAYS_SEARCH_USER_PATHS = NO;
				CLANG_ANALYZER_NONNULL = YES;
				CLANG_ANALYZER_NUMBER_OBJECT_CONVERSION = YES_AGGRESSIVE;
				CLANG_CXX_LANGUAGE_STANDARD = "gnu++17";
				CLANG_CXX_LIBRARY = "libc++";
				CLANG_ENABLE_MODULES = YES;
				CLANG_ENABLE_OBJC_ARC = YES;
				CLANG_ENABLE_OBJC_WEAK = YES;
				CLANG_WARN_BLOCK_CAPTURE_AUTORELEASING = YES;
				CLANG_WARN_BOOL_CONVERSION = YES;
				CLANG_WARN_COMMA = YES;
				CLANG_WARN_CONSTANT_CONVERSION = YES;
				CLANG_WARN_DEPRECATED_OBJC_IMPLEMENTATIONS = YES;
				CLANG_WARN_DIRECT_OBJC_ISA_USAGE = YES_ERROR;
				CLANG_WARN_DOCUMENTATION_COMMENTS = YES;
				CLANG_WARN_EMPTY_BODY = YES;
				CLANG_WARN_ENUM_CONVERSION = YES;
				CLANG_WARN_INFINITE_RECURSION = YES;
				CLANG_WARN_INT_CONVERSION = YES;
				CLANG_WARN_NON_LITERAL_NULL_CONVERSION = YES;
				CLANG_WARN_OBJC_IMPLICIT_RETAIN_SELF = YES;
				CLANG_WARN_OBJC_LITERAL_CONVERSION = YES;
				CLANG_WARN_OBJC_ROOT_CLASS = YES_ERROR;
				CLANG_WARN_QUOTED_INCLUDE_IN_FRAMEWORK_HEADER = YES;
				CLANG_WARN_RANGE_LOOP_ANALYSIS = YES;
				CLANG_WARN_STRICT_PROTOTYPES = YES;
				CLANG_WARN_SUSPICIOUS_MOVE = YES;
				CLANG_WARN_UNGUARDED_AVAILABILITY = YES_AGGRESSIVE;
				CLANG_WARN_UNREACHABLE_CODE = YES;
				CLANG_WARN__DUPLICATE_METHOD_MATCH = YES;
				COPY_PHASE_STRIP = NO;
				DEBUG_INFORMATION_FORMAT = "dwarf-with-dsym";
				ENABLE_NS_ASSERTIONS = NO;
				ENABLE_STRICT_OBJC_MSGSEND = YES;
				GCC_C_LANGUAGE_STANDARD = gnu11;
				GCC_NO_COMMON_BLOCKS = YES;
				GCC_WARN_64_TO_32_BIT_CONVERSION = YES;
				GCC_WARN_ABOUT_RETURN_TYPE = YES_ERROR;
				GCC_WARN_UNDECLARED_SELECTOR = YES;
				GCC_WARN_UNINITIALIZED_AUTOS = YES_AGGRESSIVE;
				GCC_WARN_UNUSED_FUNCTION = YES;
				GCC_WARN_UNUSED_VARIABLE = YES;
				IPHONEOS_DEPLOYMENT_TARGET = 15.2;
				MTL_ENABLE_DEBUG_INFO = NO;
				MTL_FAST_MATH = YES;
				SDKROOT = iphoneos;
				SWIFT_COMPILATION_MODE = wholemodule;
				SWIFT_OPTIMIZATION_LEVEL = "-O";
				VALIDATE_PRODUCT = YES;
			};
			name = Release;
		};
		6D7A90AD27DCFAF900209C06 /* Debug */ = {
			isa = XCBuildConfiguration;
			buildSettings = {
				ASSETCATALOG_COMPILER_APPICON_NAME = AppIcon;
				ASSETCATALOG_COMPILER_GLOBAL_ACCENT_COLOR_NAME = AccentColor;
				CODE_SIGN_STYLE = Automatic;
				CURRENT_PROJECT_VERSION = 1;
				DEVELOPMENT_TEAM = M996PDY9L4;
				GENERATE_INFOPLIST_FILE = YES;
				INFOPLIST_FILE = "Movie Trailers/Info.plist";
				INFOPLIST_KEY_UIApplicationSupportsIndirectInputEvents = YES;
				INFOPLIST_KEY_UILaunchStoryboardName = LaunchScreen;
				INFOPLIST_KEY_UISupportedInterfaceOrientations_iPad = "UIInterfaceOrientationPortrait UIInterfaceOrientationPortraitUpsideDown UIInterfaceOrientationLandscapeLeft UIInterfaceOrientationLandscapeRight";
				INFOPLIST_KEY_UISupportedInterfaceOrientations_iPhone = "UIInterfaceOrientationPortrait UIInterfaceOrientationLandscapeLeft UIInterfaceOrientationLandscapeRight";
				LD_RUNPATH_SEARCH_PATHS = (
					"$(inherited)",
					"@executable_path/Frameworks",
				);
				MARKETING_VERSION = 1.0;
				PRODUCT_BUNDLE_IDENTIFIER = "uk.co.firefrog.Movie-Trailers";
				PRODUCT_NAME = "$(TARGET_NAME)";
				SWIFT_EMIT_LOC_STRINGS = YES;
				SWIFT_VERSION = 5.0;
				TARGETED_DEVICE_FAMILY = "1,2";
			};
			name = Debug;
		};
		6D7A90AE27DCFAF900209C06 /* Release */ = {
			isa = XCBuildConfiguration;
			buildSettings = {
				ASSETCATALOG_COMPILER_APPICON_NAME = AppIcon;
				ASSETCATALOG_COMPILER_GLOBAL_ACCENT_COLOR_NAME = AccentColor;
				CODE_SIGN_STYLE = Automatic;
				CURRENT_PROJECT_VERSION = 1;
				DEVELOPMENT_TEAM = M996PDY9L4;
				GENERATE_INFOPLIST_FILE = YES;
				INFOPLIST_FILE = "Movie Trailers/Info.plist";
				INFOPLIST_KEY_UIApplicationSupportsIndirectInputEvents = YES;
				INFOPLIST_KEY_UILaunchStoryboardName = LaunchScreen;
				INFOPLIST_KEY_UISupportedInterfaceOrientations_iPad = "UIInterfaceOrientationPortrait UIInterfaceOrientationPortraitUpsideDown UIInterfaceOrientationLandscapeLeft UIInterfaceOrientationLandscapeRight";
				INFOPLIST_KEY_UISupportedInterfaceOrientations_iPhone = "UIInterfaceOrientationPortrait UIInterfaceOrientationLandscapeLeft UIInterfaceOrientationLandscapeRight";
				LD_RUNPATH_SEARCH_PATHS = (
					"$(inherited)",
					"@executable_path/Frameworks",
				);
				MARKETING_VERSION = 1.0;
				PRODUCT_BUNDLE_IDENTIFIER = "uk.co.firefrog.Movie-Trailers";
				PRODUCT_NAME = "$(TARGET_NAME)";
				SWIFT_EMIT_LOC_STRINGS = YES;
				SWIFT_VERSION = 5.0;
				TARGETED_DEVICE_FAMILY = "1,2";
			};
			name = Release;
		};
/* End XCBuildConfiguration section */

/* Begin XCConfigurationList section */
		6D7A909327DCFAF800209C06 /* Build configuration list for PBXProject "Movie Trailers" */ = {
			isa = XCConfigurationList;
			buildConfigurations = (
				6D7A90AA27DCFAF900209C06 /* Debug */,
				6D7A90AB27DCFAF900209C06 /* Release */,
			);
			defaultConfigurationIsVisible = 0;
			defaultConfigurationName = Release;
		};
		6D7A90AC27DCFAF900209C06 /* Build configuration list for PBXNativeTarget "Movie Trailers" */ = {
			isa = XCConfigurationList;
			buildConfigurations = (
				6D7A90AD27DCFAF900209C06 /* Debug */,
				6D7A90AE27DCFAF900209C06 /* Release */,
			);
			defaultConfigurationIsVisible = 0;
			defaultConfigurationName = Release;
		};
/* End XCConfigurationList section */

/* Begin XCRemoteSwiftPackageReference section */
		6D40183E27DFD3B900FFA92D /* XCRemoteSwiftPackageReference "SDWebImage" */ = {
			isa = XCRemoteSwiftPackageReference;
			repositoryURL = "https://github.com/SDWebImage/SDWebImage.git";
			requirement = {
				kind = upToNextMajorVersion;
				minimumVersion = 5.0.0;
			};
		};
		D6C444412865F52D00AB2A44 /* XCRemoteSwiftPackageReference "SDWebImage" */ = {
			isa = XCRemoteSwiftPackageReference;
			repositoryURL = "https://github.com/SDWebImage/SDWebImage.git";
			requirement = {
				kind = upToNextMajorVersion;
				minimumVersion = 5.0.0;
			};
		};
/* End XCRemoteSwiftPackageReference section */

/* Begin XCSwiftPackageProductDependency section */
		6D40183F27DFD3B900FFA92D /* SDWebImage */ = {
			isa = XCSwiftPackageProductDependency;
			package = 6D40183E27DFD3B900FFA92D /* XCRemoteSwiftPackageReference "SDWebImage" */;
			productName = SDWebImage;
		};
		6D40184127DFD3B900FFA92D /* SDWebImageMapKit */ = {
			isa = XCSwiftPackageProductDependency;
			package = 6D40183E27DFD3B900FFA92D /* XCRemoteSwiftPackageReference "SDWebImage" */;
			productName = SDWebImageMapKit;
		};
		D6C444422865F52D00AB2A44 /* SDWebImage */ = {
			isa = XCSwiftPackageProductDependency;
			package = 6D40183E27DFD3B900FFA92D /* XCRemoteSwiftPackageReference "SDWebImage" */;
			productName = SDWebImage;
		};
		D6C444442865F52D00AB2A44 /* SDWebImageMapKit */ = {
			isa = XCSwiftPackageProductDependency;
			package = 6D40183E27DFD3B900FFA92D /* XCRemoteSwiftPackageReference "SDWebImage" */;
			productName = SDWebImageMapKit;
		};
/* End XCSwiftPackageProductDependency section */
	};
	rootObject = 6D7A909027DCFAF800209C06 /* Project object */;
}
